
Microsoft Visual Studio Solution File, Format Version 12.00
# Visual Studio 14
VisualStudioVersion = 14.0.23107.0
MinimumVisualStudioVersion = 10.0.40219.1
Project("{9092AA53-FB77-4645-B42D-1CCCA6BD08BD}") = "AcroFear", "AcroFear\AcroFear.njsproj", "{98A7A54B-3887-479D-934B-46B7FFBAE451}"
EndProject
Project("{CC5FD16D-436D-48AD-A40C-5A424C6E3E79}") = "AcroFear.Azure", "AcroFear.Azure\AcroFear.Azure.ccproj", "{9A88A980-F84A-4373-8801-635504270E18}"
EndProject
Global
	GlobalSection(SolutionConfigurationPlatforms) = preSolution
		Debug|Any CPU = Debug|Any CPU
		Release|Any CPU = Release|Any CPU
	EndGlobalSection
	GlobalSection(ProjectConfigurationPlatforms) = postSolution
		{98A7A54B-3887-479D-934B-46B7FFBAE451}.Debug|Any CPU.ActiveCfg = Debug|Any CPU
		{98A7A54B-3887-479D-934B-46B7FFBAE451}.Debug|Any CPU.Build.0 = Debug|Any CPU
		{98A7A54B-3887-479D-934B-46B7FFBAE451}.Release|Any CPU.ActiveCfg = Release|Any CPU
		{98A7A54B-3887-479D-934B-46B7FFBAE451}.Release|Any CPU.Build.0 = Release|Any CPU
		{9A88A980-F84A-4373-8801-635504270E18}.Debug|Any CPU.ActiveCfg = Debug|Any CPU
		{9A88A980-F84A-4373-8801-635504270E18}.Debug|Any CPU.Build.0 = Debug|Any CPU
		{9A88A980-F84A-4373-8801-635504270E18}.Release|Any CPU.ActiveCfg = Release|Any CPU
		{9A88A980-F84A-4373-8801-635504270E18}.Release|Any CPU.Build.0 = Release|Any CPU
	EndGlobalSection
	GlobalSection(SolutionProperties) = preSolution
		HideSolutionNode = FALSE
	EndGlobalSection
EndGlobal
